
Microsoft Visual Studio Solution File, Format Version 12.00
# Visual Studio 15
VisualStudioVersion = 15.0.27428.2015
MinimumVisualStudioVersion = 10.0.40219.1
Project("{FAE04EC0-301F-11D3-BF4B-00C04F79EFBC}") = "UserList", "UserList\UserList.csproj", "{F3DD2BB4-A0F1-4759-A8F0-D55E312AA96F}"
EndProject
Global
	GlobalSection(SolutionConfigurationPlatforms) = preSolution
		Debug|Any CPU = Debug|Any CPU
		Release|Any CPU = Release|Any CPU
	EndGlobalSection
	GlobalSection(ProjectConfigurationPlatforms) = postSolution
		{F3DD2BB4-A0F1-4759-A8F0-D55E312AA96F}.Debug|Any CPU.ActiveCfg = Debug|Any CPU
		{F3DD2BB4-A0F1-4759-A8F0-D55E312AA96F}.Debug|Any CPU.Build.0 = Debug|Any CPU
		{F3DD2BB4-A0F1-4759-A8F0-D55E312AA96F}.Release|Any CPU.ActiveCfg = Release|Any CPU
		{F3DD2BB4-A0F1-4759-A8F0-D55E312AA96F}.Release|Any CPU.Build.0 = Release|Any CPU
	EndGlobalSection
	GlobalSection(SolutionProperties) = preSolution
		HideSolutionNode = FALSE
	EndGlobalSection
	GlobalSection(ExtensibilityGlobals) = postSolution
		SolutionGuid = {E20554B6-4BB4-4B8E-BFBD-B93D49160B03}
	EndGlobalSection
EndGlobal
